github.com/sboutzen/playground/hookie v0.0.0-20191121095027-e7e3da7ac7de h1:RbokBLC3fWxMMCvd2tH9/bHCvKOmmhmf/l/GgQ7vKuM=
github.com/sboutzen/playground/hookie v0.0.0-20191121095027-e7e3da7ac7de/go.mod h1:b39geD5kzcAydJBvORspBj/6EDWOYDqElayog+4b0LE=
golang.org/x/sys v0.0.0-20191120155948-bd437916bb0e h1:N7DeIrjYszNmSW409R3frPPwglRwMkXSBzwVbkOjLLA=
golang.org/x/sys v0.0.0-20191120155948-bd437916bb0e/go.mod h1:h1NjWce9XRLGQEsW7wpKNCjG9DtNlClVuFLEZdDNbEs=
